// !$*UTF8*$!
{
	archiveVersion = 1;
	classes = {
	};
	objectVersion = 46;
	objects = {

/* Begin PBXBuildFile section */
		7D109E7E1E42EA8A00B989BC /* JTAppleCalendar.framework in Frameworks */ = {isa = PBXBuildFile; fileRef = 7D109E7D1E42EA8A00B989BC /* JTAppleCalendar.framework */; };
		7D47EE091E4383F7002187C3 /* ModalViewController.swift in Sources */ = {isa = PBXBuildFile; fileRef = 8D78E4DF1E4072D3009D3444 /* ModalViewController.swift */; };
		7D97E6DD1E5F4A6A00708642 /* AKPickerView_Swift.framework in Frameworks */ = {isa = PBXBuildFile; fileRef = 7D3F475A1E4AF1D3003A59CD /* AKPickerView_Swift.framework */; };
		7D97E6DE1E5F4A6A00708642 /* Charts.framework in Frameworks */ = {isa = PBXBuildFile; fileRef = 7D11CB801E5F41C800F972F6 /* Charts.framework */; };
		7D97E6DF1E5F4A6A00708642 /* StatusBarNotificationCenter.framework in Frameworks */ = {isa = PBXBuildFile; fileRef = 7DC369AC1E5323D3004BD966 /* StatusBarNotificationCenter.framework */; };
		7DD905511E72D4A600139D67 /* ChartsViewController.swift in Sources */ = {isa = PBXBuildFile; fileRef = 7DD905501E72D4A600139D67 /* ChartsViewController.swift */; };
		8D0030A61E41D38B00F2401E /* GoalSettingViewController.swift in Sources */ = {isa = PBXBuildFile; fileRef = 8D0030A51E41D38B00F2401E /* GoalSettingViewController.swift */; };
		8D78E4DA1E405F92009D3444 /* DataCenter.swift in Sources */ = {isa = PBXBuildFile; fileRef = 8D78E4D91E405F92009D3444 /* DataCenter.swift */; };
		DA021BB71E969BB900A23176 /* Localizable.strings in Resources */ = {isa = PBXBuildFile; fileRef = DA021BB91E969BB900A23176 /* Localizable.strings */; };
		DA021BBE1E969EE300A23176 /* Main.storyboard in Resources */ = {isa = PBXBuildFile; fileRef = DA021BBC1E969EE300A23176 /* Main.storyboard */; };
		DA021BC31E98C65200A23176 /* IntroViewController.swift in Sources */ = {isa = PBXBuildFile; fileRef = DA021BC21E98C65200A23176 /* IntroViewController.swift */; };
		DA318B021E5D70AD0028BA0B /* LightLibrary.swift in Sources */ = {isa = PBXBuildFile; fileRef = DA318B011E5D70AD0028BA0B /* LightLibrary.swift */; };
		DA458F3D1E960DF500CB13C3 /* InfoPlist.strings in Resources */ = {isa = PBXBuildFile; fileRef = DA458F3F1E960DF500CB13C3 /* InfoPlist.strings */; };
		DA4659B71E4A01D300859CBD /* FirstGoalSettingViewController.swift in Sources */ = {isa = PBXBuildFile; fileRef = DA4659B61E4A01D300859CBD /* FirstGoalSettingViewController.swift */; };
		DA9B2B851E37369200981ED0 /* AppDelegate.swift in Sources */ = {isa = PBXBuildFile; fileRef = DA9B2B841E37369200981ED0 /* AppDelegate.swift */; };
		DA9B2B871E37369200981ED0 /* ViewController.swift in Sources */ = {isa = PBXBuildFile; fileRef = DA9B2B861E37369200981ED0 /* ViewController.swift */; };
		DA9B2B8D1E37369200981ED0 /* test.xcdatamodeld in Sources */ = {isa = PBXBuildFile; fileRef = DA9B2B8B1E37369200981ED0 /* test.xcdatamodeld */; };
		DA9B2B8F1E37369200981ED0 /* Assets.xcassets in Resources */ = {isa = PBXBuildFile; fileRef = DA9B2B8E1E37369200981ED0 /* Assets.xcassets */; };
		DA9B2B921E37369200981ED0 /* LaunchScreen.storyboard in Resources */ = {isa = PBXBuildFile; fileRef = DA9B2B901E37369200981ED0 /* LaunchScreen.storyboard */; };
		DA9B2B9D1E37369200981ED0 /* testTests.swift in Sources */ = {isa = PBXBuildFile; fileRef = DA9B2B9C1E37369200981ED0 /* testTests.swift */; };
		DA9B2BA81E37369200981ED0 /* testUITests.swift in Sources */ = {isa = PBXBuildFile; fileRef = DA9B2BA71E37369200981ED0 /* testUITests.swift */; };
		DACCE0761E41B87B0088E1B6 /* ListViewController.swift in Sources */ = {isa = PBXBuildFile; fileRef = DACCE0751E41B87B0088E1B6 /* ListViewController.swift */; };
		DAD0DA8F1E37583E00C47A5F /* CellView.xib in Resources */ = {isa = PBXBuildFile; fileRef = DAD0DA8E1E37583E00C47A5F /* CellView.xib */; };
		DAD0DA911E37588800C47A5F /* CellView.swift in Sources */ = {isa = PBXBuildFile; fileRef = DAD0DA901E37588800C47A5F /* CellView.swift */; };
		DAE236E71ECC52570026C6A3 /* NotiView.xib in Resources */ = {isa = PBXBuildFile; fileRef = DAE236E91ECC52570026C6A3 /* NotiView.xib */; };
		DAE236F31ECC57070026C6A3 /* NotiView2.xib in Resources */ = {isa = PBXBuildFile; fileRef = DAE236F21ECC57070026C6A3 /* NotiView2.xib */; };
		FDC8BC9CBB4A6BD2059D7F4A /* Pods_test.framework in Frameworks */ = {isa = PBXBuildFile; fileRef = 96361D2E118CC141EFD5C9C3 /* Pods_test.framework */; };
/* End PBXBuildFile section */

/* Begin PBXContainerItemProxy section */
		DA9B2B991E37369200981ED0 /* PBXContainerItemProxy */ = {
			isa = PBXContainerItemProxy;
			containerPortal = DA9B2B791E37369200981ED0 /* Project object */;
			proxyType = 1;
			remoteGlobalIDString = DA9B2B801E37369200981ED0;
			remoteInfo = test;
		};
		DA9B2BA41E37369200981ED0 /* PBXContainerItemProxy */ = {
			isa = PBXContainerItemProxy;
			containerPortal = DA9B2B791E37369200981ED0 /* Project object */;
			proxyType = 1;
			remoteGlobalIDString = DA9B2B801E37369200981ED0;
			remoteInfo = test;
		};
/* End PBXContainerItemProxy section */

/* Begin PBXFileReference section */
		4F4CF519C659B626D9705878 /* Pods-test.debug.xcconfig */ = {isa = PBXFileReference; includeInIndex = 1; lastKnownFileType = text.xcconfig; name = "Pods-test.debug.xcconfig"; path = "Pods/Target Support Files/Pods-test/Pods-test.debug.xcconfig"; sourceTree = "<group>"; };
		7D109E7D1E42EA8A00B989BC /* JTAppleCalendar.framework */ = {isa = PBXFileReference; lastKnownFileType = wrapper.framework; name = JTAppleCalendar.framework; path = "../../../Library/Developer/Xcode/DerivedData/test-dvfpolcisltftbaiyddjgrapholn/Build/Products/Debug-iphonesimulator/JTAppleCalendar/JTAppleCalendar.framework"; sourceTree = "<group>"; };
		7D11CB801E5F41C800F972F6 /* Charts.framework */ = {isa = PBXFileReference; lastKnownFileType = wrapper.framework; name = Charts.framework; path = "../../../Library/Developer/Xcode/DerivedData/test-gxlkzadgukxgedgrxohglxyysjcc/Build/Products/Debug-iphoneos/Charts/Charts.framework"; sourceTree = "<group>"; };
		7D11CB871E5F4A1C00F972F6 /* AKPickerView_Swift.framework */ = {isa = PBXFileReference; lastKnownFileType = wrapper.framework; name = AKPickerView_Swift.framework; path = "Pods/../build/Release-iphoneos/AKPickerView-Swift/AKPickerView_Swift.framework"; sourceTree = "<group>"; };
		7D11CB881E5F4A1C00F972F6 /* Charts.framework */ = {isa = PBXFileReference; lastKnownFileType = wrapper.framework; name = Charts.framework; path = "Pods/../build/Release-iphoneos/Charts/Charts.framework"; sourceTree = "<group>"; };
		7D11CB891E5F4A1C00F972F6 /* Pods_test.framework */ = {isa = PBXFileReference; lastKnownFileType = wrapper.framework; name = Pods_test.framework; path = "Pods/../build/Release-iphoneos/Pods_test.framework"; sourceTree = "<group>"; };
		7D11CB8A1E5F4A1C00F972F6 /* ScrollableGraphView.framework */ = {isa = PBXFileReference; lastKnownFileType = wrapper.framework; name = ScrollableGraphView.framework; path = "Pods/../build/Release-iphoneos/ScrollableGraphView/ScrollableGraphView.framework"; sourceTree = "<group>"; };
		7D11CB8B1E5F4A1C00F972F6 /* StatusBarNotificationCenter.framework */ = {isa = PBXFileReference; lastKnownFileType = wrapper.framework; name = StatusBarNotificationCenter.framework; path = "Pods/../build/Release-iphoneos/StatusBarNotificationCenter/StatusBarNotificationCenter.framework"; sourceTree = "<group>"; };
		7D3F475A1E4AF1D3003A59CD /* AKPickerView_Swift.framework */ = {isa = PBXFileReference; lastKnownFileType = wrapper.framework; name = AKPickerView_Swift.framework; path = "../../../Library/Developer/Xcode/DerivedData/test-gxlkzadgukxgedgrxohglxyysjcc/Build/Products/Debug-iphoneos/AKPickerView-Swift/AKPickerView_Swift.framework"; sourceTree = "<group>"; };
		7D97E6DB1E5F4A6100708642 /* ScrollableGraphView.framework */ = {isa = PBXFileReference; lastKnownFileType = wrapper.framework; name = ScrollableGraphView.framework; path = "Pods/../build/Debug-iphoneos/ScrollableGraphView/ScrollableGraphView.framework"; sourceTree = "<group>"; };
		7D97E6E01E5F4A6A00708642 /* Pods_test.framework */ = {isa = PBXFileReference; lastKnownFileType = wrapper.framework; name = Pods_test.framework; path = "Pods/../build/Debug-iphoneos/Pods_test.framework"; sourceTree = "<group>"; };
		7D97E6E21E5F4A8000708642 /* ScrollableGraphView.framework */ = {isa = PBXFileReference; lastKnownFileType = wrapper.framework; name = ScrollableGraphView.framework; path = "Pods/../build/Release-iphoneos/ScrollableGraphView/ScrollableGraphView.framework"; sourceTree = "<group>"; };
		7D97E6E41E5F4A8600708642 /* ScrollableGraphView.framework */ = {isa = PBXFileReference; lastKnownFileType = wrapper.framework; name = ScrollableGraphView.framework; path = "Pods/../build/Release-iphoneos/ScrollableGraphView/ScrollableGraphView.framework"; sourceTree = "<group>"; };
		7DC369AA1E531101004BD966 /* StatusBarNotificationCenter.framework */ = {isa = PBXFileReference; lastKnownFileType = wrapper.framework; name = StatusBarNotificationCenter.framework; path = "Pods/../build/Debug-iphoneos/StatusBarNotificationCenter/StatusBarNotificationCenter.framework"; sourceTree = "<group>"; };
		7DC369AC1E5323D3004BD966 /* StatusBarNotificationCenter.framework */ = {isa = PBXFileReference; lastKnownFileType = wrapper.framework; name = StatusBarNotificationCenter.framework; path = "../../../Library/Developer/Xcode/DerivedData/test-gxlkzadgukxgedgrxohglxyysjcc/Build/Products/Debug-iphoneos/StatusBarNotificationCenter/StatusBarNotificationCenter.framework"; sourceTree = "<group>"; };
		7DD905501E72D4A600139D67 /* ChartsViewController.swift */ = {isa = PBXFileReference; fileEncoding = 4; lastKnownFileType = sourcecode.swift; path = ChartsViewController.swift; sourceTree = "<group>"; };
		7DF8480B1E519718006D7C75 /* IQKeyboardManagerSwift.framework */ = {isa = PBXFileReference; lastKnownFileType = wrapper.framework; name = IQKeyboardManagerSwift.framework; path = "../../../Library/Developer/Xcode/DerivedData/test-gxlkzadgukxgedgrxohglxyysjcc/Build/Products/Debug-iphoneos/IQKeyboardManagerSwift/IQKeyboardManagerSwift.framework"; sourceTree = "<group>"; };
		804B7BFCCC7938ED9C6EA4B0 /* Pods-test.release.xcconfig */ = {isa = PBXFileReference; includeInIndex = 1; lastKnownFileType = text.xcconfig; name = "Pods-test.release.xcconfig"; path = "Pods/Target Support Files/Pods-test/Pods-test.release.xcconfig"; sourceTree = "<group>"; };
		8D0030A51E41D38B00F2401E /* GoalSettingViewController.swift */ = {isa = PBXFileReference; fileEncoding = 4; lastKnownFileType = sourcecode.swift; path = GoalSettingViewController.swift; sourceTree = "<group>"; };
		8D78E4D71E405F74009D3444 /* JTAppleCalendar.framework */ = {isa = PBXFileReference; lastKnownFileType = wrapper.framework; name = JTAppleCalendar.framework; path = "../../../Library/Developer/Xcode/DerivedData/test-cytxcsmazdpnydbgkwyzgcfgiczc/Build/Products/Debug-iphoneos/JTAppleCalendar/JTAppleCalendar.framework"; sourceTree = "<group>"; };
		8D78E4D91E405F92009D3444 /* DataCenter.swift */ = {isa = PBXFileReference; fileEncoding = 4; lastKnownFileType = sourcecode.swift; path = DataCenter.swift; sourceTree = "<group>"; };
		8D78E4DB1E40602B009D3444 /* JTAppleCalendar.framework */ = {isa = PBXFileReference; lastKnownFileType = wrapper.framework; name = JTAppleCalendar.framework; path = "../../../Library/Developer/Xcode/DerivedData/test-cytxcsmazdpnydbgkwyzgcfgiczc/Build/Products/Debug-iphonesimulator/JTAppleCalendar/JTAppleCalendar.framework"; sourceTree = "<group>"; };
		8D78E4DF1E4072D3009D3444 /* ModalViewController.swift */ = {isa = PBXFileReference; fileEncoding = 4; lastKnownFileType = sourcecode.swift; path = ModalViewController.swift; sourceTree = "<group>"; };
		96361D2E118CC141EFD5C9C3 /* Pods_test.framework */ = {isa = PBXFileReference; explicitFileType = wrapper.framework; includeInIndex = 0; path = Pods_test.framework; sourceTree = BUILT_PRODUCTS_DIR; };
		DA021BB81E969BB900A23176 /* Base */ = {isa = PBXFileReference; lastKnownFileType = text.plist.strings; name = Base; path = Base.lproj/Localizable.strings; sourceTree = "<group>"; };
		DA021BBA1E969BC800A23176 /* en */ = {isa = PBXFileReference; lastKnownFileType = text.plist.strings; name = en; path = en.lproj/Localizable.strings; sourceTree = "<group>"; };
		DA021BBB1E969BC900A23176 /* ko */ = {isa = PBXFileReference; lastKnownFileType = text.plist.strings; name = ko; path = ko.lproj/Localizable.strings; sourceTree = "<group>"; };
		DA021BBF1E969EF300A23176 /* Base */ = {isa = PBXFileReference; lastKnownFileType = file.storyboard; name = Base; path = Base.lproj/Main.storyboard; sourceTree = "<group>"; };
		DA021BC21E98C65200A23176 /* IntroViewController.swift */ = {isa = PBXFileReference; fileEncoding = 4; lastKnownFileType = sourcecode.swift; path = IntroViewController.swift; sourceTree = "<group>"; };
		DA318B011E5D70AD0028BA0B /* LightLibrary.swift */ = {isa = PBXFileReference; fileEncoding = 4; lastKnownFileType = sourcecode.swift; path = LightLibrary.swift; sourceTree = "<group>"; };
		DA458F3E1E960DF500CB13C3 /* ko */ = {isa = PBXFileReference; lastKnownFileType = text.plist.strings; name = ko; path = ko.lproj/InfoPlist.strings; sourceTree = "<group>"; };
		DA458F401E960F2600CB13C3 /* Base */ = {isa = PBXFileReference; lastKnownFileType = text.plist.strings; name = Base; path = Base.lproj/InfoPlist.strings; sourceTree = "<group>"; };
		DA458F411E96129300CB13C3 /* en */ = {isa = PBXFileReference; lastKnownFileType = text.plist.strings; name = en; path = en.lproj/InfoPlist.strings; sourceTree = "<group>"; };
		DA4659B61E4A01D300859CBD /* FirstGoalSettingViewController.swift */ = {isa = PBXFileReference; fileEncoding = 4; lastKnownFileType = sourcecode.swift; path = FirstGoalSettingViewController.swift; sourceTree = "<group>"; };
		DA9B2B811E37369200981ED0 /* JanuaryFirst.app */ = {isa = PBXFileReference; explicitFileType = wrapper.application; includeInIndex = 0; path = JanuaryFirst.app; sourceTree = BUILT_PRODUCTS_DIR; };
		DA9B2B841E37369200981ED0 /* AppDelegate.swift */ = {isa = PBXFileReference; lastKnownFileType = sourcecode.swift; path = AppDelegate.swift; sourceTree = "<group>"; };
		DA9B2B861E37369200981ED0 /* ViewController.swift */ = {isa = PBXFileReference; lastKnownFileType = sourcecode.swift; path = ViewController.swift; sourceTree = "<group>"; };
		DA9B2B8C1E37369200981ED0 /* test.xcdatamodel */ = {isa = PBXFileReference; lastKnownFileType = wrapper.xcdatamodel; path = test.xcdatamodel; sourceTree = "<group>"; };
		DA9B2B8E1E37369200981ED0 /* Assets.xcassets */ = {isa = PBXFileReference; lastKnownFileType = folder.assetcatalog; path = Assets.xcassets; sourceTree = "<group>"; };
		DA9B2B911E37369200981ED0 /* Base */ = {isa = PBXFileReference; lastKnownFileType = file.storyboard; name = Base; path = Base.lproj/LaunchScreen.storyboard; sourceTree = "<group>"; };
		DA9B2B931E37369200981ED0 /* Info.plist */ = {isa = PBXFileReference; lastKnownFileType = text.plist.xml; path = Info.plist; sourceTree = "<group>"; };
		DA9B2B981E37369200981ED0 /* JanuaryFirstTests.xctest */ = {isa = PBXFileReference; explicitFileType = wrapper.cfbundle; includeInIndex = 0; path = JanuaryFirstTests.xctest; sourceTree = BUILT_PRODUCTS_DIR; };
		DA9B2B9C1E37369200981ED0 /* testTests.swift */ = {isa = PBXFileReference; lastKnownFileType = sourcecode.swift; path = testTests.swift; sourceTree = "<group>"; };
		DA9B2B9E1E37369200981ED0 /* Info.plist */ = {isa = PBXFileReference; lastKnownFileType = text.plist.xml; path = Info.plist; sourceTree = "<group>"; };
		DA9B2BA31E37369200981ED0 /* JanuaryFirstUITests.xctest */ = {isa = PBXFileReference; explicitFileType = wrapper.cfbundle; includeInIndex = 0; path = JanuaryFirstUITests.xctest; sourceTree = BUILT_PRODUCTS_DIR; };
		DA9B2BA71E37369200981ED0 /* testUITests.swift */ = {isa = PBXFileReference; lastKnownFileType = sourcecode.swift; path = testUITests.swift; sourceTree = "<group>"; };
		DA9B2BA91E37369200981ED0 /* Info.plist */ = {isa = PBXFileReference; lastKnownFileType = text.plist.xml; path = Info.plist; sourceTree = "<group>"; };
		DAB7537E1E5EFC91007885C8 /* Charts.framework */ = {isa = PBXFileReference; lastKnownFileType = wrapper.framework; name = Charts.framework; path = "Pods/../build/Debug-iphoneos/Charts/Charts.framework"; sourceTree = "<group>"; };
		DAB753831E5F1542007885C8 /* Pods_test.framework */ = {isa = PBXFileReference; lastKnownFileType = wrapper.framework; name = Pods_test.framework; path = "../../../../../Library/Developer/Xcode/DerivedData/test-bexbsjndsxxfedfscnvpebbxioyx/Build/Products/Debug-iphonesimulator/Pods_test.framework"; sourceTree = "<group>"; };
		DAB753851E5F154A007885C8 /* Charts.framework */ = {isa = PBXFileReference; lastKnownFileType = wrapper.framework; name = Charts.framework; path = "../../../../../Library/Developer/Xcode/DerivedData/test-bexbsjndsxxfedfscnvpebbxioyx/Build/Products/Debug-iphonesimulator/Charts/Charts.framework"; sourceTree = "<group>"; };
		DACCE0751E41B87B0088E1B6 /* ListViewController.swift */ = {isa = PBXFileReference; fileEncoding = 4; lastKnownFileType = sourcecode.swift; path = ListViewController.swift; sourceTree = "<group>"; };
		DAD0DA8E1E37583E00C47A5F /* CellView.xib */ = {isa = PBXFileReference; fileEncoding = 4; lastKnownFileType = file.xib; path = CellView.xib; sourceTree = "<group>"; };
		DAD0DA901E37588800C47A5F /* CellView.swift */ = {isa = PBXFileReference; fileEncoding = 4; lastKnownFileType = sourcecode.swift; path = CellView.swift; sourceTree = "<group>"; };
		DADC9A471E99F59100D566B2 /* ja */ = {isa = PBXFileReference; lastKnownFileType = text.plist.strings; name = ja; path = ja.lproj/Localizable.strings; sourceTree = "<group>"; };
		DADC9A481E99F59100D566B2 /* ja */ = {isa = PBXFileReference; lastKnownFileType = text.plist.strings; name = ja; path = ja.lproj/InfoPlist.strings; sourceTree = "<group>"; };
		DAE236F11ECC56230026C6A3 /* Base */ = {isa = PBXFileReference; lastKnownFileType = file.xib; name = Base; path = Base.lproj/NotiView.xib; sourceTree = "<group>"; };
		DAE236F21ECC57070026C6A3 /* NotiView2.xib */ = {isa = PBXFileReference; fileEncoding = 4; lastKnownFileType = file.xib; path = NotiView2.xib; sourceTree = "<group>"; };
/* End PBXFileReference section */

/* Begin PBXFrameworksBuildPhase section */
		DA9B2B7E1E37369200981ED0 /* Frameworks */ = {
			isa = PBXFrameworksBuildPhase;
			buildActionMask = 2147483647;
			files = (
				7D97E6DD1E5F4A6A00708642 /* AKPickerView_Swift.framework in Frameworks */,
				7D97E6DE1E5F4A6A00708642 /* Charts.framework in Frameworks */,
				7D97E6DF1E5F4A6A00708642 /* StatusBarNotificationCenter.framework in Frameworks */,
				7D109E7E1E42EA8A00B989BC /* JTAppleCalendar.framework in Frameworks */,
				FDC8BC9CBB4A6BD2059D7F4A /* Pods_test.framework in Frameworks */,
			);
			runOnlyForDeploymentPostprocessing = 0;
		};
		DA9B2B951E37369200981ED0 /* Frameworks */ = {
			isa = PBXFrameworksBuildPhase;
			buildActionMask = 2147483647;
			files = (
			);
			runOnlyForDeploymentPostprocessing = 0;
		};
		DA9B2BA01E37369200981ED0 /* Frameworks */ = {
			isa = PBXFrameworksBuildPhase;
			buildActionMask = 2147483647;
			files = (
			);
			runOnlyForDeploymentPostprocessing = 0;
		};
/* End PBXFrameworksBuildPhase section */

/* Begin PBXGroup section */
		4106BBD3D766349BEE9F9810 /* Frameworks */ = {
			isa = PBXGroup;
			children = (
				7D97E6E41E5F4A8600708642 /* ScrollableGraphView.framework */,
				7D97E6E21E5F4A8000708642 /* ScrollableGraphView.framework */,
				7D97E6E01E5F4A6A00708642 /* Pods_test.framework */,
				7D97E6DB1E5F4A6100708642 /* ScrollableGraphView.framework */,
				7D11CB871E5F4A1C00F972F6 /* AKPickerView_Swift.framework */,
				7D11CB881E5F4A1C00F972F6 /* Charts.framework */,
				7D11CB891E5F4A1C00F972F6 /* Pods_test.framework */,
				7D11CB8A1E5F4A1C00F972F6 /* ScrollableGraphView.framework */,
				7D11CB8B1E5F4A1C00F972F6 /* StatusBarNotificationCenter.framework */,
				7D11CB801E5F41C800F972F6 /* Charts.framework */,
				DAB753851E5F154A007885C8 /* Charts.framework */,
				DAB753831E5F1542007885C8 /* Pods_test.framework */,
				DAB7537E1E5EFC91007885C8 /* Charts.framework */,
				7DC369AC1E5323D3004BD966 /* StatusBarNotificationCenter.framework */,
				7DC369AA1E531101004BD966 /* StatusBarNotificationCenter.framework */,
				7DF8480B1E519718006D7C75 /* IQKeyboardManagerSwift.framework */,
				7D3F475A1E4AF1D3003A59CD /* AKPickerView_Swift.framework */,
				7D109E7D1E42EA8A00B989BC /* JTAppleCalendar.framework */,
				8D78E4DB1E40602B009D3444 /* JTAppleCalendar.framework */,
				8D78E4D71E405F74009D3444 /* JTAppleCalendar.framework */,
				96361D2E118CC141EFD5C9C3 /* Pods_test.framework */,
			);
			name = Frameworks;
			sourceTree = "<group>";
		};
		4C7286590067AE6778EBBF07 /* Pods */ = {
			isa = PBXGroup;
			children = (
				4F4CF519C659B626D9705878 /* Pods-test.debug.xcconfig */,
				804B7BFCCC7938ED9C6EA4B0 /* Pods-test.release.xcconfig */,
			);
			name = Pods;
			sourceTree = "<group>";
		};
		DA9B2B781E37369200981ED0 = {
			isa = PBXGroup;
			children = (
				DA9B2B831E37369200981ED0 /* test */,
				DA9B2B9B1E37369200981ED0 /* testTests */,
				DA9B2BA61E37369200981ED0 /* testUITests */,
				DA9B2B821E37369200981ED0 /* Products */,
				4C7286590067AE6778EBBF07 /* Pods */,
				4106BBD3D766349BEE9F9810 /* Frameworks */,
			);
			sourceTree = "<group>";
		};
		DA9B2B821E37369200981ED0 /* Products */ = {
			isa = PBXGroup;
			children = (
				DA9B2B811E37369200981ED0 /* JanuaryFirst.app */,
				DA9B2B981E37369200981ED0 /* JanuaryFirstTests.xctest */,
				DA9B2BA31E37369200981ED0 /* JanuaryFirstUITests.xctest */,
			);
			name = Products;
			sourceTree = "<group>";
		};
		DA9B2B831E37369200981ED0 /* test */ = {
			isa = PBXGroup;
			children = (
				DA021BC21E98C65200A23176 /* IntroViewController.swift */,
				DA9B2B841E37369200981ED0 /* AppDelegate.swift */,
				DA9B2B861E37369200981ED0 /* ViewController.swift */,
				DACCE0751E41B87B0088E1B6 /* ListViewController.swift */,
				8D78E4DF1E4072D3009D3444 /* ModalViewController.swift */,
				8D0030A51E41D38B00F2401E /* GoalSettingViewController.swift */,
				DA4659B61E4A01D300859CBD /* FirstGoalSettingViewController.swift */,
				8D78E4D91E405F92009D3444 /* DataCenter.swift */,
				7DD905501E72D4A600139D67 /* ChartsViewController.swift */,
				DA9B2B8E1E37369200981ED0 /* Assets.xcassets */,
				DA021BBC1E969EE300A23176 /* Main.storyboard */,
				DA318B011E5D70AD0028BA0B /* LightLibrary.swift */,
				DAD0DA901E37588800C47A5F /* CellView.swift */,
				DA021BB91E969BB900A23176 /* Localizable.strings */,
				DAD0DA8E1E37583E00C47A5F /* CellView.xib */,
				DAE236E91ECC52570026C6A3 /* NotiView.xib */,
				DAE236F21ECC57070026C6A3 /* NotiView2.xib */,
				DA9B2B901E37369200981ED0 /* LaunchScreen.storyboard */,
				DA9B2B931E37369200981ED0 /* Info.plist */,
				DA458F3F1E960DF500CB13C3 /* InfoPlist.strings */,
				DA9B2B8B1E37369200981ED0 /* test.xcdatamodeld */,
			);
			path = test;
			sourceTree = "<group>";
		};
		DA9B2B9B1E37369200981ED0 /* testTests */ = {
			isa = PBXGroup;
			children = (
				DA9B2B9C1E37369200981ED0 /* testTests.swift */,
				DA9B2B9E1E37369200981ED0 /* Info.plist */,
			);
			path = testTests;
			sourceTree = "<group>";
		};
		DA9B2BA61E37369200981ED0 /* testUITests */ = {
			isa = PBXGroup;
			children = (
				DA9B2BA71E37369200981ED0 /* testUITests.swift */,
				DA9B2BA91E37369200981ED0 /* Info.plist */,
			);
			path = testUITests;
			sourceTree = "<group>";
		};
/* End PBXGroup section */

/* Begin PBXNativeTarget section */
		DA9B2B801E37369200981ED0 /* JanuaryFirst */ = {
			isa = PBXNativeTarget;
			buildConfigurationList = DA9B2BAC1E37369200981ED0 /* Build configuration list for PBXNativeTarget "JanuaryFirst" */;
			buildPhases = (
				8A0C9EBD036BFE7A19AC253A /* [CP] Check Pods Manifest.lock */,
				DA9B2B7D1E37369200981ED0 /* Sources */,
				DA9B2B7E1E37369200981ED0 /* Frameworks */,
				DA9B2B7F1E37369200981ED0 /* Resources */,
				8290FBB941F2E929DE20AAD2 /* [CP] Embed Pods Frameworks */,
				4F21563616240112591FF408 /* [CP] Copy Pods Resources */,
			);
			buildRules = (
			);
			dependencies = (
			);
			name = JanuaryFirst;
			productName = test;
			productReference = DA9B2B811E37369200981ED0 /* JanuaryFirst.app */;
			productType = "com.apple.product-type.application";
		};
		DA9B2B971E37369200981ED0 /* JanuaryFirstTests */ = {
			isa = PBXNativeTarget;
			buildConfigurationList = DA9B2BAF1E37369200981ED0 /* Build configuration list for PBXNativeTarget "JanuaryFirstTests" */;
			buildPhases = (
				DA9B2B941E37369200981ED0 /* Sources */,
				DA9B2B951E37369200981ED0 /* Frameworks */,
				DA9B2B961E37369200981ED0 /* Resources */,
			);
			buildRules = (
			);
			dependencies = (
				DA9B2B9A1E37369200981ED0 /* PBXTargetDependency */,
			);
			name = JanuaryFirstTests;
			productName = testTests;
			productReference = DA9B2B981E37369200981ED0 /* JanuaryFirstTests.xctest */;
			productType = "com.apple.product-type.bundle.unit-test";
		};
		DA9B2BA21E37369200981ED0 /* JanuaryFirstUITests */ = {
			isa = PBXNativeTarget;
			buildConfigurationList = DA9B2BB21E37369200981ED0 /* Build configuration list for PBXNativeTarget "JanuaryFirstUITests" */;
			buildPhases = (
				DA9B2B9F1E37369200981ED0 /* Sources */,
				DA9B2BA01E37369200981ED0 /* Frameworks */,
				DA9B2BA11E37369200981ED0 /* Resources */,
			);
			buildRules = (
			);
			dependencies = (
				DA9B2BA51E37369200981ED0 /* PBXTargetDependency */,
			);
			name = JanuaryFirstUITests;
			productName = testUITests;
			productReference = DA9B2BA31E37369200981ED0 /* JanuaryFirstUITests.xctest */;
			productType = "com.apple.product-type.bundle.ui-testing";
		};
/* End PBXNativeTarget section */

/* Begin PBXProject section */
		DA9B2B791E37369200981ED0 /* Project object */ = {
			isa = PBXProject;
			attributes = {
				LastSwiftUpdateCheck = 0820;
				LastUpgradeCheck = 0820;
				ORGANIZATIONNAME = LEOFALCON;
				TargetAttributes = {
					DA9B2B801E37369200981ED0 = {
						CreatedOnToolsVersion = 8.2.1;
						DevelopmentTeam = 34UH748CF3;
						ProvisioningStyle = Automatic;
						SystemCapabilities = {
							com.apple.iCloud = {
								enabled = 0;
							};
						};
					};
					DA9B2B971E37369200981ED0 = {
						CreatedOnToolsVersion = 8.2.1;
						DevelopmentTeam = CWNX8H9T5J;
						ProvisioningStyle = Automatic;
						TestTargetID = DA9B2B801E37369200981ED0;
					};
					DA9B2BA21E37369200981ED0 = {
						CreatedOnToolsVersion = 8.2.1;
						DevelopmentTeam = CWNX8H9T5J;
						ProvisioningStyle = Automatic;
						TestTargetID = DA9B2B801E37369200981ED0;
					};
				};
			};
			buildConfigurationList = DA9B2B7C1E37369200981ED0 /* Build configuration list for PBXProject "JanuaryFirst" */;
			compatibilityVersion = "Xcode 3.2";
			developmentRegion = English;
			hasScannedForEncodings = 0;
			knownRegions = (
				en,
				Base,
				ko,
				ja,
			);
			mainGroup = DA9B2B781E37369200981ED0;
			productRefGroup = DA9B2B821E37369200981ED0 /* Products */;
			projectDirPath = "";
			projectRoot = "";
			targets = (
				DA9B2B801E37369200981ED0 /* JanuaryFirst */,
				DA9B2B971E37369200981ED0 /* JanuaryFirstTests */,
				DA9B2BA21E37369200981ED0 /* JanuaryFirstUITests */,
			);
		};
/* End PBXProject section */

/* Begin PBXResourcesBuildPhase section */
		DA9B2B7F1E37369200981ED0 /* Resources */ = {
			isa = PBXResourcesBuildPhase;
			buildActionMask = 2147483647;
			files = (
				DA021BBE1E969EE300A23176 /* Main.storyboard in Resources */,
				DAD0DA8F1E37583E00C47A5F /* CellView.xib in Resources */,
				DA458F3D1E960DF500CB13C3 /* InfoPlist.strings in Resources */,
				DAE236E71ECC52570026C6A3 /* NotiView.xib in Resources */,
				DA9B2B921E37369200981ED0 /* LaunchScreen.storyboard in Resources */,
				DAE236F31ECC57070026C6A3 /* NotiView2.xib in Resources */,
				DA9B2B8F1E37369200981ED0 /* Assets.xcassets in Resources */,
				DA021BB71E969BB900A23176 /* Localizable.strings in Resources */,
			);
			runOnlyForDeploymentPostprocessing = 0;
		};
		DA9B2B961E37369200981ED0 /* Resources */ = {
			isa = PBXResourcesBuildPhase;
			buildActionMask = 2147483647;
			files = (
			);
			runOnlyForDeploymentPostprocessing = 0;
		};
		DA9B2BA11E37369200981ED0 /* Resources */ = {
			isa = PBXResourcesBuildPhase;
			buildActionMask = 2147483647;
			files = (
			);
			runOnlyForDeploymentPostprocessing = 0;
		};
/* End PBXResourcesBuildPhase section */

/* Begin PBXShellScriptBuildPhase section */
		4F21563616240112591FF408 /* [CP] Copy Pods Resources */ = {
			isa = PBXShellScriptBuildPhase;
			buildActionMask = 2147483647;
			files = (
			);
			inputPaths = (
			);
			name = "[CP] Copy Pods Resources";
			outputPaths = (
			);
			runOnlyForDeploymentPostprocessing = 0;
			shellPath = /bin/sh;
			shellScript = "\"${SRCROOT}/Pods/Target Support Files/Pods-test/Pods-test-resources.sh\"\n";
			showEnvVarsInLog = 0;
		};
		8290FBB941F2E929DE20AAD2 /* [CP] Embed Pods Frameworks */ = {
			isa = PBXShellScriptBuildPhase;
			buildActionMask = 2147483647;
			files = (
			);
			inputPaths = (
			);
			name = "[CP] Embed Pods Frameworks";
			outputPaths = (
			);
			runOnlyForDeploymentPostprocessing = 0;
			shellPath = /bin/sh;
			shellScript = "\"${SRCROOT}/Pods/Target Support Files/Pods-test/Pods-test-frameworks.sh\"\n";
			showEnvVarsInLog = 0;
		};
		8A0C9EBD036BFE7A19AC253A /* [CP] Check Pods Manifest.lock */ = {
			isa = PBXShellScriptBuildPhase;
			buildActionMask = 2147483647;
			files = (
			);
			inputPaths = (
			);
			name = "[CP] Check Pods Manifest.lock";
			outputPaths = (
			);
			runOnlyForDeploymentPostprocessing = 0;
			shellPath = /bin/sh;
			shellScript = "diff \"${PODS_ROOT}/../Podfile.lock\" \"${PODS_ROOT}/Manifest.lock\" > /dev/null\nif [ $? != 0 ] ; then\n    # print error to STDERR\n    echo \"error: The sandbox is not in sync with the Podfile.lock. Run 'pod install' or update your CocoaPods installation.\" >&2\n    exit 1\nfi\n";
			showEnvVarsInLog = 0;
		};
/* End PBXShellScriptBuildPhase section */

/* Begin PBXSourcesBuildPhase section */
		DA9B2B7D1E37369200981ED0 /* Sources */ = {
			isa = PBXSourcesBuildPhase;
			buildActionMask = 2147483647;
			files = (
				7D47EE091E4383F7002187C3 /* ModalViewController.swift in Sources */,
				7DD905511E72D4A600139D67 /* ChartsViewController.swift in Sources */,
				DAD0DA911E37588800C47A5F /* CellView.swift in Sources */,
				DA021BC31E98C65200A23176 /* IntroViewController.swift in Sources */,
				DA9B2B871E37369200981ED0 /* ViewController.swift in Sources */,
				8D0030A61E41D38B00F2401E /* GoalSettingViewController.swift in Sources */,
				DA318B021E5D70AD0028BA0B /* LightLibrary.swift in Sources */,
				8D78E4DA1E405F92009D3444 /* DataCenter.swift in Sources */,
				DA4659B71E4A01D300859CBD /* FirstGoalSettingViewController.swift in Sources */,
				DA9B2B851E37369200981ED0 /* AppDelegate.swift in Sources */,
				DA9B2B8D1E37369200981ED0 /* test.xcdatamodeld in Sources */,
				DACCE0761E41B87B0088E1B6 /* ListViewController.swift in Sources */,
			);
			runOnlyForDeploymentPostprocessing = 0;
		};
		DA9B2B941E37369200981ED0 /* Sources */ = {
			isa = PBXSourcesBuildPhase;
			buildActionMask = 2147483647;
			files = (
				DA9B2B9D1E37369200981ED0 /* testTests.swift in Sources */,
			);
			runOnlyForDeploymentPostprocessing = 0;
		};
		DA9B2B9F1E37369200981ED0 /* Sources */ = {
			isa = PBXSourcesBuildPhase;
			buildActionMask = 2147483647;
			files = (
				DA9B2BA81E37369200981ED0 /* testUITests.swift in Sources */,
			);
			runOnlyForDeploymentPostprocessing = 0;
		};
/* End PBXSourcesBuildPhase section */

/* Begin PBXTargetDependency section */
		DA9B2B9A1E37369200981ED0 /* PBXTargetDependency */ = {
			isa = PBXTargetDependency;
			target = DA9B2B801E37369200981ED0 /* JanuaryFirst */;
			targetProxy = DA9B2B991E37369200981ED0 /* PBXContainerItemProxy */;
		};
		DA9B2BA51E37369200981ED0 /* PBXTargetDependency */ = {
			isa = PBXTargetDependency;
			target = DA9B2B801E37369200981ED0 /* JanuaryFirst */;
			targetProxy = DA9B2BA41E37369200981ED0 /* PBXContainerItemProxy */;
		};
/* End PBXTargetDependency section */

/* Begin PBXVariantGroup section */
		DA021BB91E969BB900A23176 /* Localizable.strings */ = {
			isa = PBXVariantGroup;
			children = (
				DA021BB81E969BB900A23176 /* Base */,
				DA021BBA1E969BC800A23176 /* en */,
				DA021BBB1E969BC900A23176 /* ko */,
				DADC9A471E99F59100D566B2 /* ja */,
			);
			name = Localizable.strings;
			sourceTree = "<group>";
		};
		DA021BBC1E969EE300A23176 /* Main.storyboard */ = {
			isa = PBXVariantGroup;
			children = (
				DA021BBF1E969EF300A23176 /* Base */,
			);
			name = Main.storyboard;
			sourceTree = "<group>";
		};
		DA458F3F1E960DF500CB13C3 /* InfoPlist.strings */ = {
			isa = PBXVariantGroup;
			children = (
				DA458F3E1E960DF500CB13C3 /* ko */,
				DA458F401E960F2600CB13C3 /* Base */,
				DA458F411E96129300CB13C3 /* en */,
				DADC9A481E99F59100D566B2 /* ja */,
			);
			name = InfoPlist.strings;
			sourceTree = "<group>";
		};
		DA9B2B901E37369200981ED0 /* LaunchScreen.storyboard */ = {
			isa = PBXVariantGroup;
			children = (
				DA9B2B911E37369200981ED0 /* Base */,
			);
			name = LaunchScreen.storyboard;
			sourceTree = "<group>";
		};
		DAE236E91ECC52570026C6A3 /* NotiView.xib */ = {
			isa = PBXVariantGroup;
			children = (
				DAE236F11ECC56230026C6A3 /* Base */,
			);
			name = NotiView.xib;
			sourceTree = "<group>";
		};
/* End PBXVariantGroup section */

/* Begin XCBuildConfiguration section */
		DA9B2BAA1E37369200981ED0 /* Debug */ = {
			isa = XCBuildConfiguration;
			buildSettings = {
				ALWAYS_SEARCH_USER_PATHS = NO;
				CLANG_ANALYZER_LOCALIZABILITY_NONLOCALIZED = YES;
				CLANG_ANALYZER_NONNULL = YES;
				CLANG_CXX_LANGUAGE_STANDARD = "gnu++0x";
				CLANG_CXX_LIBRARY = "libc++";
				CLANG_ENABLE_MODULES = YES;
				CLANG_ENABLE_OBJC_ARC = YES;
				CLANG_WARN_BOOL_CONVERSION = YES;
				CLANG_WARN_CONSTANT_CONVERSION = YES;
				CLANG_WARN_DIRECT_OBJC_ISA_USAGE = YES_ERROR;
				CLANG_WARN_DOCUMENTATION_COMMENTS = YES;
				CLANG_WARN_EMPTY_BODY = YES;
				CLANG_WARN_ENUM_CONVERSION = YES;
				CLANG_WARN_INFINITE_RECURSION = YES;
				CLANG_WARN_INT_CONVERSION = YES;
				CLANG_WARN_OBJC_ROOT_CLASS = YES_ERROR;
				CLANG_WARN_SUSPICIOUS_MOVE = YES;
				CLANG_WARN_UNREACHABLE_CODE = YES;
				CLANG_WARN__DUPLICATE_METHOD_MATCH = YES;
				"CODE_SIGN_IDENTITY[sdk=iphoneos*]" = "iPhone Developer";
				COPY_PHASE_STRIP = NO;
				DEBUG_INFORMATION_FORMAT = dwarf;
				ENABLE_STRICT_OBJC_MSGSEND = YES;
				ENABLE_TESTABILITY = YES;
				GCC_C_LANGUAGE_STANDARD = gnu99;
				GCC_DYNAMIC_NO_PIC = NO;
				GCC_NO_COMMON_BLOCKS = YES;
				GCC_OPTIMIZATION_LEVEL = 0;
				GCC_PREPROCESSOR_DEFINITIONS = (
					"DEBUG=1",
					"$(inherited)",
				);
				GCC_WARN_64_TO_32_BIT_CONVERSION = YES;
				GCC_WARN_ABOUT_RETURN_TYPE = YES_ERROR;
				GCC_WARN_UNDECLARED_SELECTOR = YES;
				GCC_WARN_UNINITIALIZED_AUTOS = YES_AGGRESSIVE;
				GCC_WARN_UNUSED_FUNCTION = YES;
				GCC_WARN_UNUSED_VARIABLE = YES;
				IPHONEOS_DEPLOYMENT_TARGET = 10.2;
				MTL_ENABLE_DEBUG_INFO = YES;
				ONLY_ACTIVE_ARCH = YES;
				SDKROOT = iphoneos;
				SWIFT_ACTIVE_COMPILATION_CONDITIONS = DEBUG;
				SWIFT_OPTIMIZATION_LEVEL = "-Onone";
				TARGETED_DEVICE_FAMILY = "1,2";
			};
			name = Debug;
		};
		DA9B2BAB1E37369200981ED0 /* Release */ = {
			isa = XCBuildConfiguration;
			buildSettings = {
				ALWAYS_SEARCH_USER_PATHS = NO;
				CLANG_ANALYZER_LOCALIZABILITY_NONLOCALIZED = YES;
				CLANG_ANALYZER_NONNULL = YES;
				CLANG_CXX_LANGUAGE_STANDARD = "gnu++0x";
				CLANG_CXX_LIBRARY = "libc++";
				CLANG_ENABLE_MODULES = YES;
				CLANG_ENABLE_OBJC_ARC = YES;
				CLANG_WARN_BOOL_CONVERSION = YES;
				CLANG_WARN_CONSTANT_CONVERSION = YES;
				CLANG_WARN_DIRECT_OBJC_ISA_USAGE = YES_ERROR;
				CLANG_WARN_DOCUMENTATION_COMMENTS = YES;
				CLANG_WARN_EMPTY_BODY = YES;
				CLANG_WARN_ENUM_CONVERSION = YES;
				CLANG_WARN_INFINITE_RECURSION = YES;
				CLANG_WARN_INT_CONVERSION = YES;
				CLANG_WARN_OBJC_ROOT_CLASS = YES_ERROR;
				CLANG_WARN_SUSPICIOUS_MOVE = YES;
				CLANG_WARN_UNREACHABLE_CODE = YES;
				CLANG_WARN__DUPLICATE_METHOD_MATCH = YES;
				"CODE_SIGN_IDENTITY[sdk=iphoneos*]" = "iPhone Developer";
				COPY_PHASE_STRIP = NO;
				DEBUG_INFORMATION_FORMAT = "dwarf-with-dsym";
				ENABLE_NS_ASSERTIONS = NO;
				ENABLE_STRICT_OBJC_MSGSEND = YES;
				GCC_C_LANGUAGE_STANDARD = gnu99;
				GCC_NO_COMMON_BLOCKS = YES;
				GCC_WARN_64_TO_32_BIT_CONVERSION = YES;
				GCC_WARN_ABOUT_RETURN_TYPE = YES_ERROR;
				GCC_WARN_UNDECLARED_SELECTOR = YES;
				GCC_WARN_UNINITIALIZED_AUTOS = YES_AGGRESSIVE;
				GCC_WARN_UNUSED_FUNCTION = YES;
				GCC_WARN_UNUSED_VARIABLE = YES;
				IPHONEOS_DEPLOYMENT_TARGET = 10.2;
				MTL_ENABLE_DEBUG_INFO = NO;
				SDKROOT = iphoneos;
				SWIFT_OPTIMIZATION_LEVEL = "-Owholemodule";
				TARGETED_DEVICE_FAMILY = "1,2";
				VALIDATE_PRODUCT = YES;
			};
			name = Release;
		};
		DA9B2BAD1E37369200981ED0 /* Debug */ = {
			isa = XCBuildConfiguration;
			baseConfigurationReference = 4F4CF519C659B626D9705878 /* Pods-test.debug.xcconfig */;
			buildSettings = {
				ASSETCATALOG_COMPILER_APPICON_NAME = AppIcon;
				DEVELOPMENT_TEAM = 34UH748CF3;
				FRAMEWORK_SEARCH_PATHS = (
					"$(inherited)",
					"$(PROJECT_DIR)/build/Debug-iphoneos/StatusBarNotificationCenter",
					"$(PROJECT_DIR)/build/Debug-iphoneos/Charts",
					"$(PROJECT_DIR)/build/Release-iphoneos/AKPickerView-Swift",
					"$(PROJECT_DIR)/build/Release-iphoneos/Charts",
					"$(PROJECT_DIR)/build/Release-iphoneos",
					"$(PROJECT_DIR)/build/Release-iphoneos/ScrollableGraphView",
					"$(PROJECT_DIR)/build/Release-iphoneos/StatusBarNotificationCenter",
					"$(PROJECT_DIR)/build/Debug-iphoneos/ScrollableGraphView",
					"$(PROJECT_DIR)/build/Debug-iphoneos",
				);
				INFOPLIST_FILE = test/Info.plist;
				LD_RUNPATH_SEARCH_PATHS = "$(inherited) @executable_path/Frameworks";
				PRODUCT_BUNDLE_IDENTIFIER = ver1.JanuaryFirst;
				PRODUCT_NAME = "$(TARGET_NAME)";
				SWIFT_VERSION = 3.0;
				TARGETED_DEVICE_FAMILY = "1,2";
			};
			name = Debug;
		};
		DA9B2BAE1E37369200981ED0 /* Release */ = {
			isa = XCBuildConfiguration;
			baseConfigurationReference = 804B7BFCCC7938ED9C6EA4B0 /* Pods-test.release.xcconfig */;
			buildSettings = {
				ASSETCATALOG_COMPILER_APPICON_NAME = AppIcon;
				DEVELOPMENT_TEAM = 34UH748CF3;
				FRAMEWORK_SEARCH_PATHS = (
					"$(inherited)",
					"$(PROJECT_DIR)/build/Debug-iphoneos/StatusBarNotificationCenter",
					"$(PROJECT_DIR)/build/Debug-iphoneos/Charts",
					"$(PROJECT_DIR)/build/Release-iphoneos/AKPickerView-Swift",
					"$(PROJECT_DIR)/build/Release-iphoneos/Charts",
					"$(PROJECT_DIR)/build/Release-iphoneos",
					"$(PROJECT_DIR)/build/Release-iphoneos/ScrollableGraphView",
					"$(PROJECT_DIR)/build/Release-iphoneos/StatusBarNotificationCenter",
					"$(PROJECT_DIR)/build/Debug-iphoneos/ScrollableGraphView",
					"$(PROJECT_DIR)/build/Debug-iphoneos",
				);
				INFOPLIST_FILE = test/Info.plist;
				LD_RUNPATH_SEARCH_PATHS = "$(inherited) @executable_path/Frameworks";
				PRODUCT_BUNDLE_IDENTIFIER = ver1.JanuaryFirst;
				PRODUCT_NAME = "$(TARGET_NAME)";
				SWIFT_VERSION = 3.0;
				TARGETED_DEVICE_FAMILY = "1,2";
			};
			name = Release;
		};
		DA9B2BB01E37369200981ED0 /* Debug */ = {
			isa = XCBuildConfiguration;
			buildSettings = {
				ALWAYS_EMBED_SWIFT_STANDARD_LIBRARIES = YES;
				BUNDLE_LOADER = "$(TEST_HOST)";
				DEVELOPMENT_TEAM = CWNX8H9T5J;
				INFOPLIST_FILE = testTests/Info.plist;
				LD_RUNPATH_SEARCH_PATHS = "$(inherited) @executable_path/Frameworks @loader_path/Frameworks";
				PRODUCT_BUNDLE_IDENTIFIER = practice1.testTests;
				PRODUCT_NAME = "$(TARGET_NAME)";
				SWIFT_VERSION = 3.0;
				TEST_HOST = "$(BUILT_PRODUCTS_DIR)/JanuaryFirst.app/JanuaryFirst";
			};
			name = Debug;
		};
		DA9B2BB11E37369200981ED0 /* Release */ = {
			isa = XCBuildConfiguration;
			buildSettings = {
				ALWAYS_EMBED_SWIFT_STANDARD_LIBRARIES = YES;
				BUNDLE_LOADER = "$(TEST_HOST)";
				DEVELOPMENT_TEAM = CWNX8H9T5J;
				INFOPLIST_FILE = testTests/Info.plist;
				LD_RUNPATH_SEARCH_PATHS = "$(inherited) @executable_path/Frameworks @loader_path/Frameworks";
				PRODUCT_BUNDLE_IDENTIFIER = practice1.testTests;
				PRODUCT_NAME = "$(TARGET_NAME)";
				SWIFT_VERSION = 3.0;
				TEST_HOST = "$(BUILT_PRODUCTS_DIR)/JanuaryFirst.app/JanuaryFirst";
			};
			name = Release;
		};
		DA9B2BB31E37369200981ED0 /* Debug */ = {
			isa = XCBuildConfiguration;
			buildSettings = {
				ALWAYS_EMBED_SWIFT_STANDARD_LIBRARIES = YES;
				DEVELOPMENT_TEAM = CWNX8H9T5J;
				INFOPLIST_FILE = testUITests/Info.plist;
				LD_RUNPATH_SEARCH_PATHS = "$(inherited) @executable_path/Frameworks @loader_path/Frameworks";
				PRODUCT_BUNDLE_IDENTIFIER = practice1.testUITests;
				PRODUCT_NAME = "$(TARGET_NAME)";
				SWIFT_VERSION = 3.0;
				TEST_TARGET_NAME = test;
			};
			name = Debug;
		};
		DA9B2BB41E37369200981ED0 /* Release */ = {
			isa = XCBuildConfiguration;
			buildSettings = {
				ALWAYS_EMBED_SWIFT_STANDARD_LIBRARIES = YES;
				DEVELOPMENT_TEAM = CWNX8H9T5J;
				INFOPLIST_FILE = testUITests/Info.plist;
				LD_RUNPATH_SEARCH_PATHS = "$(inherited) @executable_path/Frameworks @loader_path/Frameworks";
				PRODUCT_BUNDLE_IDENTIFIER = practice1.testUITests;
				PRODUCT_NAME = "$(TARGET_NAME)";
				SWIFT_VERSION = 3.0;
				TEST_TARGET_NAME = test;
			};
			name = Release;
		};
/* End XCBuildConfiguration section */

/* Begin XCConfigurationList section */
		DA9B2B7C1E37369200981ED0 /* Build configuration list for PBXProject "JanuaryFirst" */ = {
			isa = XCConfigurationList;
			buildConfigurations = (
				DA9B2BAA1E37369200981ED0 /* Debug */,
				DA9B2BAB1E37369200981ED0 /* Release */,
			);
			defaultConfigurationIsVisible = 0;
			defaultConfigurationName = Release;
		};
		DA9B2BAC1E37369200981ED0 /* Build configuration list for PBXNativeTarget "JanuaryFirst" */ = {
			isa = XCConfigurationList;
			buildConfigurations = (
				DA9B2BAD1E37369200981ED0 /* Debug */,
				DA9B2BAE1E37369200981ED0 /* Release */,
			);
			defaultConfigurationIsVisible = 0;
			defaultConfigurationName = Release;
		};
		DA9B2BAF1E37369200981ED0 /* Build configuration list for PBXNativeTarget "JanuaryFirstTests" */ = {
			isa = XCConfigurationList;
			buildConfigurations = (
				DA9B2BB01E37369200981ED0 /* Debug */,
				DA9B2BB11E37369200981ED0 /* Release */,
			);
			defaultConfigurationIsVisible = 0;
			defaultConfigurationName = Release;
		};
		DA9B2BB21E37369200981ED0 /* Build configuration list for PBXNativeTarget "JanuaryFirstUITests" */ = {
			isa = XCConfigurationList;
			buildConfigurations = (
				DA9B2BB31E37369200981ED0 /* Debug */,
				DA9B2BB41E37369200981ED0 /* Release */,
			);
			defaultConfigurationIsVisible = 0;
			defaultConfigurationName = Release;
		};
/* End XCConfigurationList section */

/* Begin XCVersionGroup section */
		DA9B2B8B1E37369200981ED0 /* test.xcdatamodeld */ = {
			isa = XCVersionGroup;
			children = (
				DA9B2B8C1E37369200981ED0 /* test.xcdatamodel */,
			);
			currentVersion = DA9B2B8C1E37369200981ED0 /* test.xcdatamodel */;
			path = test.xcdatamodeld;
			sourceTree = "<group>";
			versionGroupType = wrapper.xcdatamodel;
		};
/* End XCVersionGroup section */
	};
	rootObject = DA9B2B791E37369200981ED0 /* Project object */;
}
